
Microsoft Visual Studio Solution File, Format Version 12.00
# Visual Studio 15
VisualStudioVersion = 15.0.27004.2005
MinimumVisualStudioVersion = 10.0.40219.1
Project("{FAE04EC0-301F-11D3-BF4B-00C04F79EFBC}") = "SalesmenEntities", "SalesmenEntities\SalesmenEntities.csproj", "{921E8DFF-5AD6-41D9-B628-DDBCC804AAE9}"
EndProject
Project("{FAE04EC0-301F-11D3-BF4B-00C04F79EFBC}") = "SalesmenPresentation", "SalesmenPresentation\SalesmenPresentation.csproj", "{FF743FEC-1609-4C0A-AF9E-7C51E0C430A1}"
EndProject
Project("{FAE04EC0-301F-11D3-BF4B-00C04F79EFBC}") = "SalesmenService", "SalesmenService\SalesmenService.csproj", "{E1F96300-FD81-4758-AAC8-E7DDD3F09843}"
EndProject
Project("{FAE04EC0-301F-11D3-BF4B-00C04F79EFBC}") = "SalesmenFunctions", "SalesmenFunctions\SalesmenFunctions.csproj", "{00D63094-42E8-4187-AB92-FA42FAA34705}"
EndProject
Project("{00D1A9C2-B5F0-4AF3-8072-F6C62B433612}") = "SalesmenDatabase", "SalesmenDatabase\SalesmenDatabase.sqlproj", "{682FF0BA-3D7B-4E7D-9CC6-0E88DEDA948D}"
EndProject
Project("{FAE04EC0-301F-11D3-BF4B-00C04F79EFBC}") = "SalesmenDataAccessLayer", "SalesmenDatabaseAPI\SalesmenDataAccessLayer.csproj", "{028339AE-B8E9-421C-BE9B-6223BB3BE635}"
EndProject
Global
	GlobalSection(SolutionConfigurationPlatforms) = preSolution
		Debug|Any CPU = Debug|Any CPU
		Release|Any CPU = Release|Any CPU
	EndGlobalSection
	GlobalSection(ProjectConfigurationPlatforms) = postSolution
		{921E8DFF-5AD6-41D9-B628-DDBCC804AAE9}.Debug|Any CPU.ActiveCfg = Debug|Any CPU
		{921E8DFF-5AD6-41D9-B628-DDBCC804AAE9}.Debug|Any CPU.Build.0 = Debug|Any CPU
		{921E8DFF-5AD6-41D9-B628-DDBCC804AAE9}.Release|Any CPU.ActiveCfg = Release|Any CPU
		{921E8DFF-5AD6-41D9-B628-DDBCC804AAE9}.Release|Any CPU.Build.0 = Release|Any CPU
		{FF743FEC-1609-4C0A-AF9E-7C51E0C430A1}.Debug|Any CPU.ActiveCfg = Debug|Any CPU
		{FF743FEC-1609-4C0A-AF9E-7C51E0C430A1}.Debug|Any CPU.Build.0 = Debug|Any CPU
		{FF743FEC-1609-4C0A-AF9E-7C51E0C430A1}.Release|Any CPU.ActiveCfg = Release|Any CPU
		{FF743FEC-1609-4C0A-AF9E-7C51E0C430A1}.Release|Any CPU.Build.0 = Release|Any CPU
		{E1F96300-FD81-4758-AAC8-E7DDD3F09843}.Debug|Any CPU.ActiveCfg = Debug|Any CPU
		{E1F96300-FD81-4758-AAC8-E7DDD3F09843}.Debug|Any CPU.Build.0 = Debug|Any CPU
		{E1F96300-FD81-4758-AAC8-E7DDD3F09843}.Release|Any CPU.ActiveCfg = Release|Any CPU
		{E1F96300-FD81-4758-AAC8-E7DDD3F09843}.Release|Any CPU.Build.0 = Release|Any CPU
		{00D63094-42E8-4187-AB92-FA42FAA34705}.Debug|Any CPU.ActiveCfg = Debug|Any CPU
		{00D63094-42E8-4187-AB92-FA42FAA34705}.Debug|Any CPU.Build.0 = Debug|Any CPU
		{00D63094-42E8-4187-AB92-FA42FAA34705}.Release|Any CPU.ActiveCfg = Release|Any CPU
		{00D63094-42E8-4187-AB92-FA42FAA34705}.Release|Any CPU.Build.0 = Release|Any CPU
		{682FF0BA-3D7B-4E7D-9CC6-0E88DEDA948D}.Debug|Any CPU.ActiveCfg = Debug|Any CPU
		{682FF0BA-3D7B-4E7D-9CC6-0E88DEDA948D}.Debug|Any CPU.Build.0 = Debug|Any CPU
		{682FF0BA-3D7B-4E7D-9CC6-0E88DEDA948D}.Debug|Any CPU.Deploy.0 = Debug|Any CPU
		{682FF0BA-3D7B-4E7D-9CC6-0E88DEDA948D}.Release|Any CPU.ActiveCfg = Release|Any CPU
		{682FF0BA-3D7B-4E7D-9CC6-0E88DEDA948D}.Release|Any CPU.Build.0 = Release|Any CPU
		{682FF0BA-3D7B-4E7D-9CC6-0E88DEDA948D}.Release|Any CPU.Deploy.0 = Release|Any CPU
		{028339AE-B8E9-421C-BE9B-6223BB3BE635}.Debug|Any CPU.ActiveCfg = Debug|Any CPU
		{028339AE-B8E9-421C-BE9B-6223BB3BE635}.Debug|Any CPU.Build.0 = Debug|Any CPU
		{028339AE-B8E9-421C-BE9B-6223BB3BE635}.Release|Any CPU.ActiveCfg = Release|Any CPU
		{028339AE-B8E9-421C-BE9B-6223BB3BE635}.Release|Any CPU.Build.0 = Release|Any CPU
	EndGlobalSection
	GlobalSection(SolutionProperties) = preSolution
		HideSolutionNode = FALSE
	EndGlobalSection
	GlobalSection(ExtensibilityGlobals) = postSolution
		SolutionGuid = {16C62EEF-7258-4005-BF35-26554338167A}
	EndGlobalSection
EndGlobal
